# auto-generated by grc.converter

id: dvbs2rx_bbdescrambler_bb
label: BBdescrambler
category: '[Core]/Digital Television/DVB'

parameters:
-   id: standard
    label: Standard
    dtype: string
-   id: framesize
    label: FECFRAME size
    dtype: string
-   id: rate
    label: Code rate
    dtype: string

inputs:
-   domain: stream
    dtype: byte

outputs:
-   domain: stream
    dtype: byte

templates:
    imports: from gnuradio import dvbs2rx
    make: |-
        dvbs2rx.bbdescrambler_bb(
            *dvbs2rx.params.translate(${standard},
                ${framesize},
                ${rate}
            )
        )

file_format: 1
