# auto-generated by grc.converter

id: dvbs2rx_bbdeheader_bb
label: BBdeheader
category: '[Core]/Digital Television/DVB'

parameters:
-   id: standard
    label: Standard
    dtype: string
-   id: framesize
    label: FECFRAME size
    dtype: string
-   id: rate
    label: Code rate
    dtype: string
-   id: debug_level
    label: Debug Level
    dtype: int
    default: 0

inputs:
-   domain: stream
    dtype: byte

outputs:
-   domain: stream
    dtype: byte

templates:
    imports: from gnuradio import dvbs2rx
    make: |-
        dvbs2rx.bbdeheader_bb(
            *dvbs2rx.params.translate(${standard},
                ${framesize},
                ${rate}
            ),
            ${debug_level}
        )

file_format: 1
