id: dvbs2rx_bbdescrambler_bb
label: BBdescrambler
category: "[Core]/Digital Television/DVB"
flags: [python, cpp]

parameters:
  - id: standard
    label: Standard
    dtype: raw
  - id: framesize
    label: FECFRAME size
    dtype: raw
  - id: rate
    label: Code rate
    dtype: raw

inputs:
  - domain: stream
    dtype: byte

outputs:
  - domain: stream
    dtype: byte

templates:
  imports: from gnuradio import dvbs2rx
  make: dvbs2rx.bbdescrambler_bb(${standard}, ${framesize}, ${rate})

cpp_templates:
  includes: ["#include <gnuradio/dvbs2rx/bbdescrambler_bb.h>"]
  declarations: "dvbs2rx::bbdescrambler_bb::sptr ${id};"
  make: this->${id} = dvbs2rx::bbdescrambler_bb::make(${standard}, ${framesize}, ${rate});
  link: ["gnuradio::gnuradio-dvbs2rx"]

file_format: 1
