# auto-generated by grc.converter

id: dvbs2rx_bbdescrambler_bb
label: BBdescrambler
category: '[Core]/Digital Television/DVB'

parameters:
-   id: standard
    label: Standard
    dtype: raw
-   id: framesize
    label: FECFRAME size
    dtype: raw
-   id: rate
    label: Code rate
    dtype: raw

inputs:
-   domain: stream
    dtype: byte

outputs:
-   domain: stream
    dtype: byte

templates:
    imports: from gnuradio import dvbs2rx
    make: dvbs2rx.bbdescrambler_bb(${standard}, ${framesize}, ${rate})

file_format: 1
