# auto-generated by grc.converter

id: dvbs2rx_bch_decoder_bb
label: BCH Decoder
category: '[Core]/Digital Television/DVB'

parameters:
-   id: standard
    label: Standard
    dtype: string
-   id: framesize
    label: FECFRAME size
    dtype: string
-   id: rate
    label: Code rate
    dtype: string
-   id: outputmode
    label: Output mode
    dtype: enum
    options: [OM_CODEWORD, OM_MESSAGE]
    option_labels: [Codeword, Message]
-   id: debug_level
    label: Debug Level
    dtype: int
    default: 0

inputs:
-   domain: stream
    dtype: byte

outputs:
-   domain: stream
    dtype: byte

templates:
    imports: from gnuradio import dvbs2rx
    make: |-
        dvbs2rx.bch_decoder_bb(
            *dvbs2rx.params.translate(${standard},
                ${framesize},
                ${rate}
            ),
            dvbs2rx.${outputmode},
            ${debug_level})

file_format: 1
